# Generated by buf. DO NOT EDIT.
version: v2
deps:
  - name: buf.build/agynio/api
    commit: 66f2be2c5f134d07a69a3fe605a0a91d
    digest: b5:5ea5e70a06ded14e9a07b08d01e1cd5777c3b90092c6b83dd012a884ac78d2d9ee93dd44242f04820f9200ca742ac8914e776662ac8b88cea62a498c4f7fa057
  - name: buf.build/opentelemetry/opentelemetry
    commit: 5f2c7d4f740541589805e0816dad4bb0
    digest: b5:935626c896cfe0f5efda467869c65df49843190c1d16ad24957d62ae840aef5f5da2474ec5c766e730b2727c6a24b39b5a2a073da70cf3f2611ce7d3934def86
