# Generated by buf. DO NOT EDIT.
version: v2
deps:
  - name: buf.build/agynio/api
    commit: 18e5445e6ab5499283442c0118c40726
    digest: b5:0168c9bd14af87091fb48a4d615fef5d105fed00a2e3d8e34acc598b564effe6a492394c7ba25d5839736c55048c838894c0fb1a37ca9675351c6796e30f2fe6
  - name: buf.build/opentelemetry/opentelemetry
    commit: 5f2c7d4f740541589805e0816dad4bb0
    digest: b5:935626c896cfe0f5efda467869c65df49843190c1d16ad24957d62ae840aef5f5da2474ec5c766e730b2727c6a24b39b5a2a073da70cf3f2611ce7d3934def86
