# Generated by buf. DO NOT EDIT.
version: v2
deps:
  - name: buf.build/agynio/api
    commit: c93d50fb004044178f3a64bc851f27c0
    digest: b5:6b6e4567cc72c54a2acbdbd0608a623ab0f17d9a80cc8a175b2b9bc6ec661fa3945a93b1a2dd3c3b27c19123d77aacd1f32fd47cb32144bcc01647a1614119dd
  - name: buf.build/opentelemetry/opentelemetry
    commit: 5f2c7d4f740541589805e0816dad4bb0
    digest: b5:935626c896cfe0f5efda467869c65df49843190c1d16ad24957d62ae840aef5f5da2474ec5c766e730b2727c6a24b39b5a2a073da70cf3f2611ce7d3934def86
